
Microsoft Visual Studio Solution File, Format Version 12.00
# Visual Studio Version 16
VisualStudioVersion = 16.0.30413.136
MinimumVisualStudioVersion = 10.0.40219.1
Project("{9A19103F-16F7-4668-BE54-9A1E7A4F7556}") = "WPF.ProjectTracker", "WPF.ProjectTracker\WPF.ProjectTracker.csproj", "{2F5EE5E1-CE6D-433E-BEE3-D53807CBBB59}"
EndProject
Project("{9A19103F-16F7-4668-BE54-9A1E7A4F7556}") = "WPF.ProjectTracker.Model", "Model\WPF.ProjectTracker.Model.csproj", "{653897D4-E45D-4581-B8C2-6777281E15AF}"
EndProject
Project("{9A19103F-16F7-4668-BE54-9A1E7A4F7556}") = "WPF.ProjectTracker.ClassLibrary", "WPF.ProjectTracker.ClassLibrary\WPF.ProjectTracker.ClassLibrary.csproj", "{D83DB117-BF29-467B-BE27-640A677F0F92}"
EndProject
Project("{9A19103F-16F7-4668-BE54-9A1E7A4F7556}") = "WPF.ProjectTracker.Tests", "WPF.ProjectTracker.Tests\WPF.ProjectTracker.Tests.csproj", "{0B74DB7C-C7B8-4E2A-8EB5-46C54EC6F489}"
EndProject
Project("{2150E333-8FDC-42A3-9474-1A3956D46DE8}") = "WpfApp", "WpfApp", "{202E028F-2445-4AE2-8165-FCA1D46B3364}"
EndProject
Project("{2150E333-8FDC-42A3-9474-1A3956D46DE8}") = "BlazorApp", "BlazorApp", "{2A74B36D-A296-4E10-8A95-98AD9F85A3FE}"
EndProject
Project("{FAE04EC0-301F-11D3-BF4B-00C04F79EFBC}") = "Blazor.ProjectTracker", "Blazor.ProjectTracker\Blazor.ProjectTracker.csproj", "{FE2C8CCA-C080-4CFC-B989-246DF0DD87B1}"
EndProject
Project("{2150E333-8FDC-42A3-9474-1A3956D46DE8}") = "MauiApp", "MauiApp", "{9DFDA9CC-D301-481F-8E2D-5145878611AE}"
EndProject
Project("{FAE04EC0-301F-11D3-BF4B-00C04F79EFBC}") = "Maui.ProjectTracker", "Maui.ProjectTracker\Maui.ProjectTracker.csproj", "{FD618A91-B424-4E62-A5E6-D1FBB9AED519}"
EndProject
Project("{2150E333-8FDC-42A3-9474-1A3956D46DE8}") = "Library", "Library", "{0D30CFC3-B493-48FE-A03D-529E0BAFCA3F}"
EndProject
Project("{2150E333-8FDC-42A3-9474-1A3956D46DE8}") = "Infrastructure", "Infrastructure", "{989B85FE-31F1-44A3-B9C3-6EDB0D0572A4}"
EndProject
Project("{FAE04EC0-301F-11D3-BF4B-00C04F79EFBC}") = "ProjectTracker.Infrastructure", "ProjectTracker.Infrastructure\ProjectTracker.Infrastructure.csproj", "{C30ABE85-3D0D-4263-8670-99AADD25490D}"
EndProject
Project("{FAE04EC0-301F-11D3-BF4B-00C04F79EFBC}") = "ProjectTracker.Application", "ProjectTracker.Application\ProjectTracker.Application.csproj", "{1739EA49-FADA-45D1-8DC0-68AC30215C0E}"
EndProject
Global
	GlobalSection(SolutionConfigurationPlatforms) = preSolution
		Debug|Any CPU = Debug|Any CPU
		Debug|x64 = Debug|x64
		Debug|x86 = Debug|x86
		Release|Any CPU = Release|Any CPU
		Release|x64 = Release|x64
		Release|x86 = Release|x86
	EndGlobalSection
	GlobalSection(ProjectConfigurationPlatforms) = postSolution
		{2F5EE5E1-CE6D-433E-BEE3-D53807CBBB59}.Debug|Any CPU.ActiveCfg = Release|Any CPU
		{2F5EE5E1-CE6D-433E-BEE3-D53807CBBB59}.Debug|Any CPU.Build.0 = Release|Any CPU
		{2F5EE5E1-CE6D-433E-BEE3-D53807CBBB59}.Debug|x64.ActiveCfg = Debug|x64
		{2F5EE5E1-CE6D-433E-BEE3-D53807CBBB59}.Debug|x64.Build.0 = Debug|x64
		{2F5EE5E1-CE6D-433E-BEE3-D53807CBBB59}.Debug|x86.ActiveCfg = Debug|x86
		{2F5EE5E1-CE6D-433E-BEE3-D53807CBBB59}.Debug|x86.Build.0 = Debug|x86
		{2F5EE5E1-CE6D-433E-BEE3-D53807CBBB59}.Release|Any CPU.ActiveCfg = Release|Any CPU
		{2F5EE5E1-CE6D-433E-BEE3-D53807CBBB59}.Release|Any CPU.Build.0 = Release|Any CPU
		{2F5EE5E1-CE6D-433E-BEE3-D53807CBBB59}.Release|x64.ActiveCfg = Release|x64
		{2F5EE5E1-CE6D-433E-BEE3-D53807CBBB59}.Release|x64.Build.0 = Release|x64
		{2F5EE5E1-CE6D-433E-BEE3-D53807CBBB59}.Release|x86.ActiveCfg = Release|x86
		{2F5EE5E1-CE6D-433E-BEE3-D53807CBBB59}.Release|x86.Build.0 = Release|x86
		{653897D4-E45D-4581-B8C2-6777281E15AF}.Debug|Any CPU.ActiveCfg = Debug|Any CPU
		{653897D4-E45D-4581-B8C2-6777281E15AF}.Debug|Any CPU.Build.0 = Debug|Any CPU
		{653897D4-E45D-4581-B8C2-6777281E15AF}.Debug|x64.ActiveCfg = Debug|x64
		{653897D4-E45D-4581-B8C2-6777281E15AF}.Debug|x64.Build.0 = Debug|x64
		{653897D4-E45D-4581-B8C2-6777281E15AF}.Debug|x86.ActiveCfg = Debug|x86
		{653897D4-E45D-4581-B8C2-6777281E15AF}.Debug|x86.Build.0 = Debug|x86
		{653897D4-E45D-4581-B8C2-6777281E15AF}.Release|Any CPU.ActiveCfg = Release|Any CPU
		{653897D4-E45D-4581-B8C2-6777281E15AF}.Release|Any CPU.Build.0 = Release|Any CPU
		{653897D4-E45D-4581-B8C2-6777281E15AF}.Release|x64.ActiveCfg = Release|x64
		{653897D4-E45D-4581-B8C2-6777281E15AF}.Release|x64.Build.0 = Release|x64
		{653897D4-E45D-4581-B8C2-6777281E15AF}.Release|x86.ActiveCfg = Release|x86
		{653897D4-E45D-4581-B8C2-6777281E15AF}.Release|x86.Build.0 = Release|x86
		{D83DB117-BF29-467B-BE27-640A677F0F92}.Debug|Any CPU.ActiveCfg = Debug|Any CPU
		{D83DB117-BF29-467B-BE27-640A677F0F92}.Debug|Any CPU.Build.0 = Debug|Any CPU
		{D83DB117-BF29-467B-BE27-640A677F0F92}.Debug|x64.ActiveCfg = Debug|x64
		{D83DB117-BF29-467B-BE27-640A677F0F92}.Debug|x64.Build.0 = Debug|x64
		{D83DB117-BF29-467B-BE27-640A677F0F92}.Debug|x86.ActiveCfg = Debug|x86
		{D83DB117-BF29-467B-BE27-640A677F0F92}.Debug|x86.Build.0 = Debug|x86
		{D83DB117-BF29-467B-BE27-640A677F0F92}.Release|Any CPU.ActiveCfg = Release|Any CPU
		{D83DB117-BF29-467B-BE27-640A677F0F92}.Release|Any CPU.Build.0 = Release|Any CPU
		{D83DB117-BF29-467B-BE27-640A677F0F92}.Release|x64.ActiveCfg = Release|x64
		{D83DB117-BF29-467B-BE27-640A677F0F92}.Release|x64.Build.0 = Release|x64
		{D83DB117-BF29-467B-BE27-640A677F0F92}.Release|x86.ActiveCfg = Release|x86
		{D83DB117-BF29-467B-BE27-640A677F0F92}.Release|x86.Build.0 = Release|x86
		{0B74DB7C-C7B8-4E2A-8EB5-46C54EC6F489}.Debug|Any CPU.ActiveCfg = Debug|Any CPU
		{0B74DB7C-C7B8-4E2A-8EB5-46C54EC6F489}.Debug|Any CPU.Build.0 = Debug|Any CPU
		{0B74DB7C-C7B8-4E2A-8EB5-46C54EC6F489}.Debug|x64.ActiveCfg = Debug|x64
		{0B74DB7C-C7B8-4E2A-8EB5-46C54EC6F489}.Debug|x64.Build.0 = Debug|x64
		{0B74DB7C-C7B8-4E2A-8EB5-46C54EC6F489}.Debug|x86.ActiveCfg = Debug|x86
		{0B74DB7C-C7B8-4E2A-8EB5-46C54EC6F489}.Debug|x86.Build.0 = Debug|x86
		{0B74DB7C-C7B8-4E2A-8EB5-46C54EC6F489}.Release|Any CPU.ActiveCfg = Release|Any CPU
		{0B74DB7C-C7B8-4E2A-8EB5-46C54EC6F489}.Release|Any CPU.Build.0 = Release|Any CPU
		{0B74DB7C-C7B8-4E2A-8EB5-46C54EC6F489}.Release|x64.ActiveCfg = Release|x64
		{0B74DB7C-C7B8-4E2A-8EB5-46C54EC6F489}.Release|x64.Build.0 = Release|x64
		{0B74DB7C-C7B8-4E2A-8EB5-46C54EC6F489}.Release|x86.ActiveCfg = Release|x86
		{0B74DB7C-C7B8-4E2A-8EB5-46C54EC6F489}.Release|x86.Build.0 = Release|x86
		{FE2C8CCA-C080-4CFC-B989-246DF0DD87B1}.Debug|Any CPU.ActiveCfg = Debug|Any CPU
		{FE2C8CCA-C080-4CFC-B989-246DF0DD87B1}.Debug|Any CPU.Build.0 = Debug|Any CPU
		{FE2C8CCA-C080-4CFC-B989-246DF0DD87B1}.Debug|x64.ActiveCfg = Debug|Any CPU
		{FE2C8CCA-C080-4CFC-B989-246DF0DD87B1}.Debug|x64.Build.0 = Debug|Any CPU
		{FE2C8CCA-C080-4CFC-B989-246DF0DD87B1}.Debug|x86.ActiveCfg = Debug|Any CPU
		{FE2C8CCA-C080-4CFC-B989-246DF0DD87B1}.Debug|x86.Build.0 = Debug|Any CPU
		{FE2C8CCA-C080-4CFC-B989-246DF0DD87B1}.Release|Any CPU.ActiveCfg = Release|Any CPU
		{FE2C8CCA-C080-4CFC-B989-246DF0DD87B1}.Release|Any CPU.Build.0 = Release|Any CPU
		{FE2C8CCA-C080-4CFC-B989-246DF0DD87B1}.Release|x64.ActiveCfg = Release|Any CPU
		{FE2C8CCA-C080-4CFC-B989-246DF0DD87B1}.Release|x64.Build.0 = Release|Any CPU
		{FE2C8CCA-C080-4CFC-B989-246DF0DD87B1}.Release|x86.ActiveCfg = Release|Any CPU
		{FE2C8CCA-C080-4CFC-B989-246DF0DD87B1}.Release|x86.Build.0 = Release|Any CPU
		{FD618A91-B424-4E62-A5E6-D1FBB9AED519}.Debug|Any CPU.ActiveCfg = Debug|Any CPU
		{FD618A91-B424-4E62-A5E6-D1FBB9AED519}.Debug|Any CPU.Build.0 = Debug|Any CPU
		{FD618A91-B424-4E62-A5E6-D1FBB9AED519}.Debug|x64.ActiveCfg = Debug|Any CPU
		{FD618A91-B424-4E62-A5E6-D1FBB9AED519}.Debug|x64.Build.0 = Debug|Any CPU
		{FD618A91-B424-4E62-A5E6-D1FBB9AED519}.Debug|x86.ActiveCfg = Debug|Any CPU
		{FD618A91-B424-4E62-A5E6-D1FBB9AED519}.Debug|x86.Build.0 = Debug|Any CPU
		{FD618A91-B424-4E62-A5E6-D1FBB9AED519}.Release|Any CPU.ActiveCfg = Release|Any CPU
		{FD618A91-B424-4E62-A5E6-D1FBB9AED519}.Release|Any CPU.Build.0 = Release|Any CPU
		{FD618A91-B424-4E62-A5E6-D1FBB9AED519}.Release|x64.ActiveCfg = Release|Any CPU
		{FD618A91-B424-4E62-A5E6-D1FBB9AED519}.Release|x64.Build.0 = Release|Any CPU
		{FD618A91-B424-4E62-A5E6-D1FBB9AED519}.Release|x86.ActiveCfg = Release|Any CPU
		{FD618A91-B424-4E62-A5E6-D1FBB9AED519}.Release|x86.Build.0 = Release|Any CPU
		{C30ABE85-3D0D-4263-8670-99AADD25490D}.Debug|Any CPU.ActiveCfg = Debug|Any CPU
		{C30ABE85-3D0D-4263-8670-99AADD25490D}.Debug|Any CPU.Build.0 = Debug|Any CPU
		{C30ABE85-3D0D-4263-8670-99AADD25490D}.Debug|x64.ActiveCfg = Debug|Any CPU
		{C30ABE85-3D0D-4263-8670-99AADD25490D}.Debug|x64.Build.0 = Debug|Any CPU
		{C30ABE85-3D0D-4263-8670-99AADD25490D}.Debug|x86.ActiveCfg = Debug|Any CPU
		{C30ABE85-3D0D-4263-8670-99AADD25490D}.Debug|x86.Build.0 = Debug|Any CPU
		{C30ABE85-3D0D-4263-8670-99AADD25490D}.Release|Any CPU.ActiveCfg = Release|Any CPU
		{C30ABE85-3D0D-4263-8670-99AADD25490D}.Release|Any CPU.Build.0 = Release|Any CPU
		{C30ABE85-3D0D-4263-8670-99AADD25490D}.Release|x64.ActiveCfg = Release|Any CPU
		{C30ABE85-3D0D-4263-8670-99AADD25490D}.Release|x64.Build.0 = Release|Any CPU
		{C30ABE85-3D0D-4263-8670-99AADD25490D}.Release|x86.ActiveCfg = Release|Any CPU
		{C30ABE85-3D0D-4263-8670-99AADD25490D}.Release|x86.Build.0 = Release|Any CPU
		{1739EA49-FADA-45D1-8DC0-68AC30215C0E}.Debug|Any CPU.ActiveCfg = Debug|Any CPU
		{1739EA49-FADA-45D1-8DC0-68AC30215C0E}.Debug|Any CPU.Build.0 = Debug|Any CPU
		{1739EA49-FADA-45D1-8DC0-68AC30215C0E}.Debug|x64.ActiveCfg = Debug|Any CPU
		{1739EA49-FADA-45D1-8DC0-68AC30215C0E}.Debug|x64.Build.0 = Debug|Any CPU
		{1739EA49-FADA-45D1-8DC0-68AC30215C0E}.Debug|x86.ActiveCfg = Debug|Any CPU
		{1739EA49-FADA-45D1-8DC0-68AC30215C0E}.Debug|x86.Build.0 = Debug|Any CPU
		{1739EA49-FADA-45D1-8DC0-68AC30215C0E}.Release|Any CPU.ActiveCfg = Release|Any CPU
		{1739EA49-FADA-45D1-8DC0-68AC30215C0E}.Release|Any CPU.Build.0 = Release|Any CPU
		{1739EA49-FADA-45D1-8DC0-68AC30215C0E}.Release|x64.ActiveCfg = Release|Any CPU
		{1739EA49-FADA-45D1-8DC0-68AC30215C0E}.Release|x64.Build.0 = Release|Any CPU
		{1739EA49-FADA-45D1-8DC0-68AC30215C0E}.Release|x86.ActiveCfg = Release|Any CPU
		{1739EA49-FADA-45D1-8DC0-68AC30215C0E}.Release|x86.Build.0 = Release|Any CPU
	EndGlobalSection
	GlobalSection(SolutionProperties) = preSolution
		HideSolutionNode = FALSE
	EndGlobalSection
	GlobalSection(ExtensibilityGlobals) = postSolution
		SolutionGuid = {F5BE75C0-F225-4EA3-A69F-EE583C415905}
	EndGlobalSection
	GlobalSection(NestedProjects) = preSolution
		{2F5EE5E1-CE6D-433E-BEE3-D53807CBBB59} = {202E028F-2445-4AE2-8165-FCA1D46B3364}
		{D83DB117-BF29-467B-BE27-640A677F0F92} = {202E028F-2445-4AE2-8165-FCA1D46B3364}
		{0B74DB7C-C7B8-4E2A-8EB5-46C54EC6F489} = {202E028F-2445-4AE2-8165-FCA1D46B3364}
		{653897D4-E45D-4581-B8C2-6777281E15AF} = {202E028F-2445-4AE2-8165-FCA1D46B3364}
		{FE2C8CCA-C080-4CFC-B989-246DF0DD87B1} = {2A74B36D-A296-4E10-8A95-98AD9F85A3FE}
		{FD618A91-B424-4E62-A5E6-D1FBB9AED519} = {9DFDA9CC-D301-481F-8E2D-5145878611AE}
		{C30ABE85-3D0D-4263-8670-99AADD25490D} = {989B85FE-31F1-44A3-B9C3-6EDB0D0572A4}
		{1739EA49-FADA-45D1-8DC0-68AC30215C0E} = {0D30CFC3-B493-48FE-A03D-529E0BAFCA3F}
	EndGlobalSection
EndGlobal
